<?xml version="1.0" encoding="utf-8"?>
<Project ToolsVersion="4.0" xmlns="http://schemas.microsoft.com/developer/msbuild/2003">
  <ItemGroup>
    <Filter Include="Source Files">
      <UniqueIdentifier>{4FC737F1-C7A5-4376-A066-2A32D752A2FF}</UniqueIdentifier>
      <Extensions>cpp;c;cc;cxx;def;odl;idl;hpj;bat;asm;asmx</Extensions>
    </Filter>
    <Filter Include="Header Files">
      <UniqueIdentifier>{93995380-89BD-4b04-88EB-625FBE52EBFB}</UniqueIdentifier>
      <Extensions>h;hpp;hxx;hm;inl;inc;xsd</Extensions>
    </Filter>
    <Filter Include="Resource Files">
      <UniqueIdentifier>{67DA6AB6-F800-4c08-8B7A-83BB121AAD01}</UniqueIdentifier>
      <Extensions>rc;ico;cur;bmp;dlg;rc2;rct;bin;rgs;gif;jpg;jpeg;jpe;resx;tiff;tif;png;wav;mfcribbon-ms</Extensions>
    </Filter>
  </ItemGroup>
  <ItemGroup>
    <ClInclude Include="namespace win\Window.h">
      <Filter>Header Files</Filter>
    </ClInclude>
    <ClInclude Include="namespace win\win_macros.h">
      <Filter>Header Files</Filter>
    </ClInclude>
    <ClInclude Include="namespace gen\gen_macros.h">
      <Filter>Header Files</Filter>
    </ClInclude>
    <ClInclude Include="namespace win\win_genData.h">
      <Filter>Header Files</Filter>
    </ClInclude>
    <ClInclude Include="namespace gen\gen_data.h">
      <Filter>Header Files</Filter>
    </ClInclude>
    <ClInclude Include="namespace render\DrawablesQueue.h">
      <Filter>Header Files</Filter>
    </ClInclude>
    <ClInclude Include="namespace render\Drawable.h">
      <Filter>Header Files</Filter>
    </ClInclude>
    <ClInclude Include="namespace render\dx\type wrappers\BlendState.h">
      <Filter>Header Files</Filter>
    </ClInclude>
    <ClInclude Include="namespace render\dx\type wrappers\BufferResource.h">
      <Filter>Header Files</Filter>
    </ClInclude>
    <ClInclude Include="namespace render\dx\type wrappers\DepthStencilState.h">
      <Filter>Header Files</Filter>
    </ClInclude>
    <ClInclude Include="namespace render\dx\type wrappers\InputLayout.h">
      <Filter>Header Files</Filter>
    </ClInclude>
    <ClInclude Include="namespace render\dx\type wrappers\PixelShader.h">
      <Filter>Header Files</Filter>
    </ClInclude>
    <ClInclude Include="namespace render\dx\type wrappers\RasterizerState.h">
      <Filter>Header Files</Filter>
    </ClInclude>
    <ClInclude Include="namespace render\dx\type wrappers\RenderTargetView.h">
      <Filter>Header Files</Filter>
    </ClInclude>
    <ClInclude Include="namespace render\dx\type wrappers\SamplerState.h">
      <Filter>Header Files</Filter>
    </ClInclude>
    <ClInclude Include="namespace render\dx\type wrappers\ShaderResourceView.h">
      <Filter>Header Files</Filter>
    </ClInclude>
    <ClInclude Include="namespace render\dx\type wrappers\TextureResource.h">
      <Filter>Header Files</Filter>
    </ClInclude>
    <ClInclude Include="namespace render\dx\type wrappers\VertexShader.h">
      <Filter>Header Files</Filter>
    </ClInclude>
    <ClInclude Include="namespace render\dx\Device.h">
      <Filter>Header Files</Filter>
    </ClInclude>
    <ClInclude Include="namespace render\dx\HLSLResource.h">
      <Filter>Header Files</Filter>
    </ClInclude>
    <ClInclude Include="namespace render\dx\ResourceCache.h">
      <Filter>Header Files</Filter>
    </ClInclude>
    <ClInclude Include="namespace render\dx\SwapChain.h">
      <Filter>Header Files</Filter>
    </ClInclude>
    <ClInclude Include="namespace render\dx\pipeline\Binder.h">
      <Filter>Header Files</Filter>
    </ClInclude>
    <ClInclude Include="namespace render\dx\pipeline\BinderBinds.h">
      <Filter>Header Files</Filter>
    </ClInclude>
    <ClInclude Include="namespace render\dx\pipeline\Command.h">
      <Filter>Header Files</Filter>
    </ClInclude>
    <ClInclude Include="namespace render\dx\pipeline\DrawCall.h">
      <Filter>Header Files</Filter>
    </ClInclude>
    <ClInclude Include="namespace sprite\SpriteRenderer.h">
      <Filter>Header Files</Filter>
    </ClInclude>
    <ClInclude Include="namespace render\ConstantBuffer.h">
      <Filter>Header Files</Filter>
    </ClInclude>
    <ClInclude Include="namespace win\HighPerformanceTimer.h">
      <Filter>Header Files</Filter>
    </ClInclude>
    <ClInclude Include="namespace win\FileLogger.h">
      <Filter>Header Files</Filter>
    </ClInclude>
    <ClInclude Include="namespace win\KeyboardAsyncInput.h">
      <Filter>Header Files</Filter>
    </ClInclude>
    <ClInclude Include="namespace win\win_IDs.h">
      <Filter>Header Files</Filter>
    </ClInclude>
    <ClInclude Include="namespace sprite\Sprite.h">
      <Filter>Header Files</Filter>
    </ClInclude>
    <ClInclude Include="namespace sprite\binders cache\BlendStateBinders.h">
      <Filter>Header Files</Filter>
    </ClInclude>
    <ClInclude Include="namespace sprite\binders cache\TextureBinders.h">
      <Filter>Header Files</Filter>
    </ClInclude>
    <ClInclude Include="namespace sprite\binders cache\SamplerStateBinders.h">
      <Filter>Header Files</Filter>
    </ClInclude>
    <ClInclude Include="namespace sprite\binders cache\binderscache.h">
      <Filter>Header Files</Filter>
    </ClInclude>
    <ClInclude Include="namespace sprite\DrawableCbuffer.h">
      <Filter>Header Files</Filter>
    </ClInclude>
    <ClInclude Include="namespace sprite\CameraCbuffer.h">
      <Filter>Header Files</Filter>
    </ClInclude>
    <ClInclude Include="namespace sprite\Camera.h">
      <Filter>Header Files</Filter>
    </ClInclude>
    <ClInclude Include="namespace sprite\Movable.h">
      <Filter>Header Files</Filter>
    </ClInclude>
    <ClInclude Include="namespace game\Game.h">
      <Filter>Header Files</Filter>
    </ClInclude>
    <ClInclude Include="namespace game\State.h">
      <Filter>Header Files</Filter>
    </ClInclude>
    <ClInclude Include="namespace game\StateMachine.h">
      <Filter>Header Files</Filter>
    </ClInclude>
    <ClInclude Include="namespace game\Object.h">
      <Filter>Header Files</Filter>
    </ClInclude>
    <ClInclude Include="namespace game\Component.h">
      <Filter>Header Files</Filter>
    </ClInclude>
    <ClInclude Include="namespace game\Timer.h">
      <Filter>Header Files</Filter>
    </ClInclude>
    <ClInclude Include="namespace game\Layer.h">
      <Filter>Header Files</Filter>
    </ClInclude>
    <ClInclude Include="namespace input\Mapper.h">
      <Filter>Header Files</Filter>
    </ClInclude>
    <ClInclude Include="namespace win\MouseInput.h">
      <Filter>Header Files</Filter>
    </ClInclude>
    <ClInclude Include="namespace game\components\MovableComponent.h">
      <Filter>Header Files</Filter>
    </ClInclude>
    <ClInclude Include="namespace game\Task.h">
      <Filter>Header Files</Filter>
    </ClInclude>
    <ClInclude Include="namespace game\TaskMachine.h">
      <Filter>Header Files</Filter>
    </ClInclude>
    <ClInclude Include="Mentle\MentleWindow.h">
      <Filter>Header Files</Filter>
    </ClInclude>
    <ClInclude Include="Mentle\MainMenu\MainMenu.h">
      <Filter>Header Files</Filter>
    </ClInclude>
    <ClInclude Include="Mentle\MainMenu\MainMenuButtonsLayer.h">
      <Filter>Header Files</Filter>
    </ClInclude>
    <ClInclude Include="namespace game\components\SpriteComponent.h">
      <Filter>Header Files</Filter>
    </ClInclude>
    <ClInclude Include="namespace game\components\ButtonComponent.h">
      <Filter>Header Files</Filter>
    </ClInclude>
    <ClInclude Include="Mentle\MainMenu\FadeLayer.h">
      <Filter>Header Files</Filter>
    </ClInclude>
    <ClInclude Include="Mentle\InGame\InGame.h">
      <Filter>Header Files</Filter>
    </ClInclude>
    <ClInclude Include="Mentle\InGame\CardsLayer.h">
      <Filter>Header Files</Filter>
    </ClInclude>
    <ClInclude Include="Mentle\InGame\BGLayer.h">
      <Filter>Header Files</Filter>
    </ClInclude>
    <ClInclude Include="Mentle\InGame\MentleCardComponent.h">
      <Filter>Header Files</Filter>
    </ClInclude>
    <ClInclude Include="namespace game\EventHandler.h">
      <Filter>Header Files</Filter>
    </ClInclude>
    <ClInclude Include="namespace game\Event.h">
      <Filter>Header Files</Filter>
    </ClInclude>
    <ClInclude Include="namespace game\EventMachine.h">
      <Filter>Header Files</Filter>
    </ClInclude>
    <ClInclude Include="namespace game\tasks\AlarmTask.h">
      <Filter>Header Files</Filter>
    </ClInclude>
    <ClInclude Include="Mentle\InGame\InputMapper.h">
      <Filter>Header Files</Filter>
    </ClInclude>
    <ClInclude Include="namespace sound\sound.h">
      <Filter>Header Files</Filter>
    </ClInclude>
    <ClInclude Include="namespace sound\SoundScreamer.h">
      <Filter>Header Files</Filter>
    </ClInclude>
    <ClInclude Include="namespace game\tasks\FadeTask.h">
      <Filter>Header Files</Filter>
    </ClInclude>
    <ClInclude Include="namespace sound\FinitSoundTracks.h">
      <Filter>Header Files</Filter>
    </ClInclude>
    <ClInclude Include="namespace sound\WaveCache.h">
      <Filter>Header Files</Filter>
    </ClInclude>
    <ClInclude Include="namespace sound\SourceReader.h">
      <Filter>Header Files</Filter>
    </ClInclude>
    <ClInclude Include="namespace sound\StreamedSoundTrack.h">
      <Filter>Header Files</Filter>
    </ClInclude>
    <ClInclude Include="namespace net\Socket.h">
      <Filter>Header Files</Filter>
    </ClInclude>
    <ClInclude Include="namespace net\net.h">
      <Filter>Header Files</Filter>
    </ClInclude>
    <ClInclude Include="namespace net\Address.h">
      <Filter>Header Files</Filter>
    </ClInclude>
    <ClInclude Include="namespace net\PeerHost.h">
      <Filter>Header Files</Filter>
    </ClInclude>
    <ClInclude Include="namespace net\Packet.h">
      <Filter>Header Files</Filter>
    </ClInclude>
    <ClInclude Include="namespace text\CreateFontTexture.h">
      <Filter>Header Files</Filter>
    </ClInclude>
    <ClInclude Include="namespace text\BmpFont.h">
      <Filter>Header Files</Filter>
    </ClInclude>
    <ClInclude Include="namespace text\TextRenderer.h">
      <Filter>Header Files</Filter>
    </ClInclude>
    <ClInclude Include="Mentle\MainMenu\PlayOptionsLayer.h">
      <Filter>Header Files</Filter>
    </ClInclude>
    <ClInclude Include="Mentle\MainMenu\InsertIPLayer.h">
      <Filter>Header Files</Filter>
    </ClInclude>
    <ClInclude Include="namespace render\dx\pipeline\State.h">
      <Filter>Header Files</Filter>
    </ClInclude>
    <ClInclude Include="namespace gen\Delegate.h">
      <Filter>Header Files</Filter>
    </ClInclude>
    <ClInclude Include="namespace gen\Tweening.h">
      <Filter>Header Files</Filter>
    </ClInclude>
    <ClInclude Include="Mentle\InGame\NetworkHandler.h">
      <Filter>Header Files</Filter>
    </ClInclude>
    <ClInclude Include="Mentle\InGame\MentleLogic.h">
      <Filter>Header Files</Filter>
    </ClInclude>
    <ClInclude Include="Mentle\InGame\InGameEventData.h">
      <Filter>Header Files</Filter>
    </ClInclude>
    <ClInclude Include="namespace game\tasks\OnUpdateDelegateTask.h">
      <Filter>Header Files</Filter>
    </ClInclude>
    <ClInclude Include="Mentle\InGame\StatusBarLayer.h">
      <Filter>Header Files</Filter>
    </ClInclude>
    <ClInclude Include="namespace game\components\ButtonComponent.inl">
      <Filter>Header Files</Filter>
    </ClInclude>
    <ClInclude Include="Mentle\InGame\MentleCardDesc.h">
      <Filter>Header Files</Filter>
    </ClInclude>
    <ClInclude Include="namespace text\TextParser.h">
      <Filter>Header Files</Filter>
    </ClInclude>
    <ClInclude Include="Mentle\InGame\EnergyBarLayer.h">
      <Filter>Header Files</Filter>
    </ClInclude>
    <ClInclude Include="Mentle\InGame\CursorLayer.h">
      <Filter>Header Files</Filter>
    </ClInclude>
  </ItemGroup>
  <ItemGroup>
    <ClCompile Include="namespace win\Window.cpp">
      <Filter>Source Files</Filter>
    </ClCompile>
    <ClCompile Include="namespace render\DrawablesQueue.cpp">
      <Filter>Source Files</Filter>
    </ClCompile>
    <ClCompile Include="namespace render\Drawable.cpp">
      <Filter>Source Files</Filter>
    </ClCompile>
    <ClCompile Include="namespace render\dx\type wrappers\BlendState.cpp">
      <Filter>Source Files</Filter>
    </ClCompile>
    <ClCompile Include="namespace render\dx\type wrappers\BufferResource.cpp">
      <Filter>Source Files</Filter>
    </ClCompile>
    <ClCompile Include="namespace render\dx\type wrappers\DepthStencilState.cpp">
      <Filter>Source Files</Filter>
    </ClCompile>
    <ClCompile Include="namespace render\dx\type wrappers\InputLayout.cpp">
      <Filter>Source Files</Filter>
    </ClCompile>
    <ClCompile Include="namespace render\dx\type wrappers\PixelShader.cpp">
      <Filter>Source Files</Filter>
    </ClCompile>
    <ClCompile Include="namespace render\dx\type wrappers\RasterizerState.cpp">
      <Filter>Source Files</Filter>
    </ClCompile>
    <ClCompile Include="namespace render\dx\type wrappers\SamplerState.cpp">
      <Filter>Source Files</Filter>
    </ClCompile>
    <ClCompile Include="namespace render\dx\type wrappers\ShaderResourceView.cpp">
      <Filter>Source Files</Filter>
    </ClCompile>
    <ClCompile Include="namespace render\dx\type wrappers\TextureResource.cpp">
      <Filter>Source Files</Filter>
    </ClCompile>
    <ClCompile Include="namespace render\dx\type wrappers\VertexShader.cpp">
      <Filter>Source Files</Filter>
    </ClCompile>
    <ClCompile Include="namespace render\dx\Device.cpp">
      <Filter>Source Files</Filter>
    </ClCompile>
    <ClCompile Include="namespace render\dx\HLSLResource.cpp">
      <Filter>Source Files</Filter>
    </ClCompile>
    <ClCompile Include="namespace render\dx\ResourceCache.cpp">
      <Filter>Source Files</Filter>
    </ClCompile>
    <ClCompile Include="namespace render\dx\pipeline\Binder.cpp">
      <Filter>Source Files</Filter>
    </ClCompile>
    <ClCompile Include="namespace render\dx\pipeline\Command.cpp">
      <Filter>Source Files</Filter>
    </ClCompile>
    <ClCompile Include="namespace render\dx\pipeline\DrawCall.cpp">
      <Filter>Source Files</Filter>
    </ClCompile>
    <ClCompile Include="namespace sprite\SpriteRenderer.cpp">
      <Filter>Source Files</Filter>
    </ClCompile>
    <ClCompile Include="namespace win\FileLogger.cpp">
      <Filter>Source Files</Filter>
    </ClCompile>
    <ClCompile Include="namespace win\HighPerformanceTimer.cpp">
      <Filter>Source Files</Filter>
    </ClCompile>
    <ClCompile Include="namespace win\KeyboardAsyncInput.cpp">
      <Filter>Source Files</Filter>
    </ClCompile>
    <ClCompile Include="namespace sprite\Sprite.cpp">
      <Filter>Source Files</Filter>
    </ClCompile>
    <ClCompile Include="namespace sprite\binders cache\BlendStateBinders.cpp">
      <Filter>Source Files</Filter>
    </ClCompile>
    <ClCompile Include="namespace sprite\binders cache\TextureBinders.cpp">
      <Filter>Source Files</Filter>
    </ClCompile>
    <ClCompile Include="namespace sprite\binders cache\SamplerStateBinders.cpp">
      <Filter>Source Files</Filter>
    </ClCompile>
    <ClCompile Include="namespace render\dx\SwapChain.cpp">
      <Filter>Source Files</Filter>
    </ClCompile>
    <ClCompile Include="namespace sprite\Camera.cpp">
      <Filter>Source Files</Filter>
    </ClCompile>
    <ClCompile Include="namespace sprite\Movable.cpp">
      <Filter>Source Files</Filter>
    </ClCompile>
    <ClCompile Include="namespace render\ConstantBuffer.cpp">
      <Filter>Source Files</Filter>
    </ClCompile>
    <ClCompile Include="namespace sprite\DrawableCbuffer.cpp">
      <Filter>Source Files</Filter>
    </ClCompile>
    <ClCompile Include="namespace sprite\CameraCbuffer.cpp">
      <Filter>Source Files</Filter>
    </ClCompile>
    <ClCompile Include="namespace game\Game.cpp">
      <Filter>Source Files</Filter>
    </ClCompile>
    <ClCompile Include="namespace game\State.cpp">
      <Filter>Source Files</Filter>
    </ClCompile>
    <ClCompile Include="namespace game\StateMachine.cpp">
      <Filter>Source Files</Filter>
    </ClCompile>
    <ClCompile Include="namespace game\Object.cpp">
      <Filter>Source Files</Filter>
    </ClCompile>
    <ClCompile Include="namespace game\Component.cpp">
      <Filter>Source Files</Filter>
    </ClCompile>
    <ClCompile Include="namespace game\Timer.cpp">
      <Filter>Source Files</Filter>
    </ClCompile>
    <ClCompile Include="namespace win\MouseInput.cpp">
      <Filter>Source Files</Filter>
    </ClCompile>
    <ClCompile Include="namespace game\Task.cpp">
      <Filter>Source Files</Filter>
    </ClCompile>
    <ClCompile Include="namespace game\TaskMAchine.cpp">
      <Filter>Source Files</Filter>
    </ClCompile>
    <ClCompile Include="Mentle\MentleWindow.cpp">
      <Filter>Source Files</Filter>
    </ClCompile>
    <ClCompile Include="Mentle\main.cpp">
      <Filter>Source Files</Filter>
    </ClCompile>
    <ClCompile Include="Mentle\MainMenu\MainMenu.cpp">
      <Filter>Source Files</Filter>
    </ClCompile>
    <ClCompile Include="Mentle\MainMenu\MainMenuButtonsLayer.cpp">
      <Filter>Source Files</Filter>
    </ClCompile>
    <ClCompile Include="namespace game\components\SpriteComponent.cpp">
      <Filter>Source Files</Filter>
    </ClCompile>
    <ClCompile Include="namespace game\components\ButtonComponent.cpp">
      <Filter>Source Files</Filter>
    </ClCompile>
    <ClCompile Include="Mentle\MainMenu\FadeLayer.cpp">
      <Filter>Source Files</Filter>
    </ClCompile>
    <ClCompile Include="Mentle\InGame\InGame.cpp">
      <Filter>Source Files</Filter>
    </ClCompile>
    <ClCompile Include="Mentle\InGame\CardsLayer.cpp">
      <Filter>Source Files</Filter>
    </ClCompile>
    <ClCompile Include="Mentle\InGame\BGLayer.cpp">
      <Filter>Source Files</Filter>
    </ClCompile>
    <ClCompile Include="Mentle\InGame\MentleCardComponent.cpp">
      <Filter>Source Files</Filter>
    </ClCompile>
    <ClCompile Include="namespace game\EventMachine.cpp">
      <Filter>Source Files</Filter>
    </ClCompile>
    <ClCompile Include="namespace game\tasks\AlarmTask.cpp">
      <Filter>Source Files</Filter>
    </ClCompile>
    <ClCompile Include="Mentle\InGame\InputMapper.cpp">
      <Filter>Source Files</Filter>
    </ClCompile>
    <ClCompile Include="namespace sound\sound.cpp">
      <Filter>Source Files</Filter>
    </ClCompile>
    <ClCompile Include="namespace sound\SoundScreamer.cpp">
      <Filter>Source Files</Filter>
    </ClCompile>
    <ClCompile Include="namespace game\tasks\FadeTask.cpp">
      <Filter>Source Files</Filter>
    </ClCompile>
    <ClCompile Include="namespace sound\FinitSoundTracks.cpp">
      <Filter>Source Files</Filter>
    </ClCompile>
    <ClCompile Include="namespace sound\WaveCache.cpp">
      <Filter>Source Files</Filter>
    </ClCompile>
    <ClCompile Include="namespace sound\SourceReader.cpp">
      <Filter>Source Files</Filter>
    </ClCompile>
    <ClCompile Include="namespace sound\StreamedSoundTrack.cpp">
      <Filter>Source Files</Filter>
    </ClCompile>
    <ClCompile Include="namespace net\Socket.cpp">
      <Filter>Source Files</Filter>
    </ClCompile>
    <ClCompile Include="namespace net\net.cpp">
      <Filter>Source Files</Filter>
    </ClCompile>
    <ClCompile Include="namespace net\Address.cpp">
      <Filter>Source Files</Filter>
    </ClCompile>
    <ClCompile Include="namespace net\PeerHost.cpp">
      <Filter>Source Files</Filter>
    </ClCompile>
    <ClCompile Include="namespace text\CreateFontTexture.cpp">
      <Filter>Source Files</Filter>
    </ClCompile>
    <ClCompile Include="namespace text\BmpFont.cpp">
      <Filter>Source Files</Filter>
    </ClCompile>
    <ClCompile Include="namespace text\TextRenderer.cpp">
      <Filter>Source Files</Filter>
    </ClCompile>
    <ClCompile Include="Mentle\MainMenu\PlayOptionsLayer.cpp">
      <Filter>Source Files</Filter>
    </ClCompile>
    <ClCompile Include="Mentle\MainMenu\InsertIPLayer.cpp">
      <Filter>Source Files</Filter>
    </ClCompile>
    <ClCompile Include="namespace render\dx\pipeline\State.cpp">
      <Filter>Source Files</Filter>
    </ClCompile>
    <ClCompile Include="Mentle\InGame\NetworkHandler.cpp">
      <Filter>Source Files</Filter>
    </ClCompile>
    <ClCompile Include="Mentle\InGame\MentleLogic.cpp">
      <Filter>Source Files</Filter>
    </ClCompile>
    <ClCompile Include="namespace game\tasks\OnUpdateDelegateTask.cpp">
      <Filter>Source Files</Filter>
    </ClCompile>
    <ClCompile Include="Mentle\InGame\StatusBarLayer.cpp">
      <Filter>Source Files</Filter>
    </ClCompile>
    <ClCompile Include="Mentle\InGame\MentleCardDesc.cpp">
      <Filter>Source Files</Filter>
    </ClCompile>
    <ClCompile Include="namespace text\TextParser.cpp">
      <Filter>Source Files</Filter>
    </ClCompile>
    <ClCompile Include="Mentle\InGame\EnergyBarLayer.cpp">
      <Filter>Source Files</Filter>
    </ClCompile>
    <ClCompile Include="Mentle\InGame\CursorLayer.cpp">
      <Filter>Source Files</Filter>
    </ClCompile>
  </ItemGroup>
  <ItemGroup>
    <None Include="gsp_Icons.ico">
      <Filter>Resource Files</Filter>
    </None>
  </ItemGroup>
  <ItemGroup>
    <ResourceCompile Include="RC_icon.rc">
      <Filter>Resource Files</Filter>
    </ResourceCompile>
  </ItemGroup>
</Project>